
Microsoft Visual Studio Solution File, Format Version 12.00
# Visual Studio 15
VisualStudioVersion = 15.0.26730.12
MinimumVisualStudioVersion = 10.0.40219.1
Project("{FAE04EC0-301F-11D3-BF4B-00C04F79EFBC}") = "239-aGameOfThrees", "239-aGameOfThrees\239-aGameOfThrees.csproj", "{8ADEB955-BD85-470F-B14F-B95F24D2A275}"
EndProject
Project("{FAE04EC0-301F-11D3-BF4B-00C04F79EFBC}") = "321-talkingClock", "321-talkingClock\321-talkingClock.csproj", "{147BF192-F1D3-4FD8-859F-90A13434EDC0}"
EndProject
Project("{FAE04EC0-301F-11D3-BF4B-00C04F79EFBC}") = "239-Tests", "239-Tests\239-Tests.csproj", "{C4C717CD-9AE5-431B-A254-895A8070D39E}"
EndProject
Project("{FAE04EC0-301F-11D3-BF4B-00C04F79EFBC}") = "321-talkingClockMVC", "MVC_console\321-talkingClockMVC.csproj", "{3A84A763-1E90-47D3-96A2-2D62B9F6B55F}"
EndProject
Project("{FAE04EC0-301F-11D3-BF4B-00C04F79EFBC}") = "293-defusingTheBomb", "293-defusingTheBomb\293-defusingTheBomb.csproj", "{8E354992-0FA7-493C-9B7F-4F8DEF88DC10}"
EndProject
Project("{FAE04EC0-301F-11D3-BF4B-00C04F79EFBC}") = "TestingEvents", "TestingEvents\TestingEvents.csproj", "{A0ECF059-D0D7-447C-989A-68F0DE5D9BE4}"
EndProject
Project("{F184B08F-C81C-45F6-A57F-5ABD9991F28F}") = "375-printANewNumber", "375-printANewNumber\375-printANewNumber.vbproj", "{7170CDED-D2CD-476F-8DBD-B0827B8F1F2C}"
EndProject
Project("{FAE04EC0-301F-11D3-BF4B-00C04F79EFBC}") = "375-printANewNumberCsharp", "375-printANewNumberCsharp\375-printANewNumberCsharp.csproj", "{1A46C9A0-3BFB-4E13-B901-21AA14DDEC56}"
EndProject
Global
	GlobalSection(SolutionConfigurationPlatforms) = preSolution
		Debug|Any CPU = Debug|Any CPU
		Release|Any CPU = Release|Any CPU
	EndGlobalSection
	GlobalSection(ProjectConfigurationPlatforms) = postSolution
		{8ADEB955-BD85-470F-B14F-B95F24D2A275}.Debug|Any CPU.ActiveCfg = Debug|Any CPU
		{8ADEB955-BD85-470F-B14F-B95F24D2A275}.Debug|Any CPU.Build.0 = Debug|Any CPU
		{8ADEB955-BD85-470F-B14F-B95F24D2A275}.Release|Any CPU.ActiveCfg = Release|Any CPU
		{8ADEB955-BD85-470F-B14F-B95F24D2A275}.Release|Any CPU.Build.0 = Release|Any CPU
		{147BF192-F1D3-4FD8-859F-90A13434EDC0}.Debug|Any CPU.ActiveCfg = Debug|Any CPU
		{147BF192-F1D3-4FD8-859F-90A13434EDC0}.Debug|Any CPU.Build.0 = Debug|Any CPU
		{147BF192-F1D3-4FD8-859F-90A13434EDC0}.Release|Any CPU.ActiveCfg = Release|Any CPU
		{147BF192-F1D3-4FD8-859F-90A13434EDC0}.Release|Any CPU.Build.0 = Release|Any CPU
		{C4C717CD-9AE5-431B-A254-895A8070D39E}.Debug|Any CPU.ActiveCfg = Debug|Any CPU
		{C4C717CD-9AE5-431B-A254-895A8070D39E}.Debug|Any CPU.Build.0 = Debug|Any CPU
		{C4C717CD-9AE5-431B-A254-895A8070D39E}.Release|Any CPU.ActiveCfg = Release|Any CPU
		{C4C717CD-9AE5-431B-A254-895A8070D39E}.Release|Any CPU.Build.0 = Release|Any CPU
		{3A84A763-1E90-47D3-96A2-2D62B9F6B55F}.Debug|Any CPU.ActiveCfg = Debug|Any CPU
		{3A84A763-1E90-47D3-96A2-2D62B9F6B55F}.Debug|Any CPU.Build.0 = Debug|Any CPU
		{3A84A763-1E90-47D3-96A2-2D62B9F6B55F}.Release|Any CPU.ActiveCfg = Release|Any CPU
		{3A84A763-1E90-47D3-96A2-2D62B9F6B55F}.Release|Any CPU.Build.0 = Release|Any CPU
		{8E354992-0FA7-493C-9B7F-4F8DEF88DC10}.Debug|Any CPU.ActiveCfg = Debug|Any CPU
		{8E354992-0FA7-493C-9B7F-4F8DEF88DC10}.Debug|Any CPU.Build.0 = Debug|Any CPU
		{8E354992-0FA7-493C-9B7F-4F8DEF88DC10}.Release|Any CPU.ActiveCfg = Release|Any CPU
		{8E354992-0FA7-493C-9B7F-4F8DEF88DC10}.Release|Any CPU.Build.0 = Release|Any CPU
		{A0ECF059-D0D7-447C-989A-68F0DE5D9BE4}.Debug|Any CPU.ActiveCfg = Debug|Any CPU
		{A0ECF059-D0D7-447C-989A-68F0DE5D9BE4}.Debug|Any CPU.Build.0 = Debug|Any CPU
		{A0ECF059-D0D7-447C-989A-68F0DE5D9BE4}.Release|Any CPU.ActiveCfg = Release|Any CPU
		{A0ECF059-D0D7-447C-989A-68F0DE5D9BE4}.Release|Any CPU.Build.0 = Release|Any CPU
		{7170CDED-D2CD-476F-8DBD-B0827B8F1F2C}.Debug|Any CPU.ActiveCfg = Debug|Any CPU
		{7170CDED-D2CD-476F-8DBD-B0827B8F1F2C}.Debug|Any CPU.Build.0 = Debug|Any CPU
		{7170CDED-D2CD-476F-8DBD-B0827B8F1F2C}.Release|Any CPU.ActiveCfg = Release|Any CPU
		{7170CDED-D2CD-476F-8DBD-B0827B8F1F2C}.Release|Any CPU.Build.0 = Release|Any CPU
		{1A46C9A0-3BFB-4E13-B901-21AA14DDEC56}.Debug|Any CPU.ActiveCfg = Debug|Any CPU
		{1A46C9A0-3BFB-4E13-B901-21AA14DDEC56}.Debug|Any CPU.Build.0 = Debug|Any CPU
		{1A46C9A0-3BFB-4E13-B901-21AA14DDEC56}.Release|Any CPU.ActiveCfg = Release|Any CPU
		{1A46C9A0-3BFB-4E13-B901-21AA14DDEC56}.Release|Any CPU.Build.0 = Release|Any CPU
	EndGlobalSection
	GlobalSection(SolutionProperties) = preSolution
		HideSolutionNode = FALSE
	EndGlobalSection
	GlobalSection(ExtensibilityGlobals) = postSolution
		SolutionGuid = {94F7B2EA-62C1-476A-A923-1646BD24CACD}
	EndGlobalSection
EndGlobal
